
Microsoft Visual Studio Solution File, Format Version 12.00
# Visual Studio Version 16
VisualStudioVersion = 16.0.31515.178
MinimumVisualStudioVersion = 10.0.40219.1
Project("{9A19103F-16F7-4668-BE54-9A1E7A4F7556}") = "WinFormsApp2", "WinFormsApp2\WinFormsApp2.csproj", "{966AA65E-1E58-443D-9FE5-1D4A640299F3}"
EndProject
Project("{FAE04EC0-301F-11D3-BF4B-00C04F79EFBC}") = "TestProject1", "TestProject1\TestProject1.csproj", "{30B6BFBE-5949-4E98-B6DF-C228DDF68FD2}"
EndProject
Global
	GlobalSection(SolutionConfigurationPlatforms) = preSolution
		Debug|Any CPU = Debug|Any CPU
		Release|Any CPU = Release|Any CPU
	EndGlobalSection
	GlobalSection(ProjectConfigurationPlatforms) = postSolution
		{966AA65E-1E58-443D-9FE5-1D4A640299F3}.Debug|Any CPU.ActiveCfg = Debug|Any CPU
		{966AA65E-1E58-443D-9FE5-1D4A640299F3}.Debug|Any CPU.Build.0 = Debug|Any CPU
		{966AA65E-1E58-443D-9FE5-1D4A640299F3}.Release|Any CPU.ActiveCfg = Release|Any CPU
		{966AA65E-1E58-443D-9FE5-1D4A640299F3}.Release|Any CPU.Build.0 = Release|Any CPU
		{30B6BFBE-5949-4E98-B6DF-C228DDF68FD2}.Debug|Any CPU.ActiveCfg = Debug|Any CPU
		{30B6BFBE-5949-4E98-B6DF-C228DDF68FD2}.Debug|Any CPU.Build.0 = Debug|Any CPU
		{30B6BFBE-5949-4E98-B6DF-C228DDF68FD2}.Release|Any CPU.ActiveCfg = Release|Any CPU
		{30B6BFBE-5949-4E98-B6DF-C228DDF68FD2}.Release|Any CPU.Build.0 = Release|Any CPU
	EndGlobalSection
	GlobalSection(SolutionProperties) = preSolution
		HideSolutionNode = FALSE
	EndGlobalSection
	GlobalSection(ExtensibilityGlobals) = postSolution
		SolutionGuid = {3C2F8F91-51D4-410F-AEE8-D39B6A0F43D3}
	EndGlobalSection
EndGlobal
